// !$*UTF8*$!
{
	archiveVersion = 1;
	classes = {
	};
	objectVersion = 46;
	objects = {

/* Begin PBXBuildFile section */
		4A10B9D51DB8EC9C00DC34BC /* AppDelegate.swift in Sources */ = {isa = PBXBuildFile; fileRef = 4A10B9D41DB8EC9C00DC34BC /* AppDelegate.swift */; };
		4A10B9D71DB8EC9C00DC34BC /* ViewController.swift in Sources */ = {isa = PBXBuildFile; fileRef = 4A10B9D61DB8EC9C00DC34BC /* ViewController.swift */; };
		4A10B9DA1DB8EC9C00DC34BC /* Main.storyboard in Resources */ = {isa = PBXBuildFile; fileRef = 4A10B9D81DB8EC9C00DC34BC /* Main.storyboard */; };
		4A10B9DC1DB8EC9C00DC34BC /* Assets.xcassets in Resources */ = {isa = PBXBuildFile; fileRef = 4A10B9DB1DB8EC9C00DC34BC /* Assets.xcassets */; };
		4A10B9DF1DB8EC9C00DC34BC /* LaunchScreen.storyboard in Resources */ = {isa = PBXBuildFile; fileRef = 4A10B9DD1DB8EC9C00DC34BC /* LaunchScreen.storyboard */; };
/* End PBXBuildFile section */

/* Begin PBXFileReference section */
		4A10B9D11DB8EC9C00DC34BC /* CollectionView_test.app */ = {isa = PBXFileReference; explicitFileType = wrapper.application; includeInIndex = 0; path = CollectionView_test.app; sourceTree = BUILT_PRODUCTS_DIR; };
		4A10B9D41DB8EC9C00DC34BC /* AppDelegate.swift */ = {isa = PBXFileReference; lastKnownFileType = sourcecode.swift; path = AppDelegate.swift; sourceTree = "<group>"; };
		4A10B9D61DB8EC9C00DC34BC /* ViewController.swift */ = {isa = PBXFileReference; lastKnownFileType = sourcecode.swift; path = ViewController.swift; sourceTree = "<group>"; };
		4A10B9D91DB8EC9C00DC34BC /* Base */ = {isa = PBXFileReference; lastKnownFileType = file.storyboard; name = Base; path = Base.lproj/Main.storyboard; sourceTree = "<group>"; };
		4A10B9DB1DB8EC9C00DC34BC /* Assets.xcassets */ = {isa = PBXFileReference; lastKnownFileType = folder.assetcatalog; path = Assets.xcassets; sourceTree = "<group>"; };
		4A10B9DE1DB8EC9C00DC34BC /* Base */ = {isa = PBXFileReference; lastKnownFileType = file.storyboard; name = Base; path = Base.lproj/LaunchScreen.storyboard; sourceTree = "<group>"; };
		4A10B9E01DB8EC9C00DC34BC /* Info.plist */ = {isa = PBXFileReference; lastKnownFileType = text.plist.xml; path = Info.plist; sourceTree = "<group>"; };
/* End PBXFileReference section */

/* Begin PBXFrameworksBuildPhase section */
		4A10B9CE1DB8EC9C00DC34BC /* Frameworks */ = {
			isa = PBXFrameworksBuildPhase;
			buildActionMask = 2147483647;
			files = (
			);
			runOnlyForDeploymentPostprocessing = 0;
		};
/* End PBXFrameworksBuildPhase section */

/* Begin PBXGroup section */
		4A10B9C81DB8EC9B00DC34BC = {
			isa = PBXGroup;
			children = (
				4A10B9D31DB8EC9C00DC34BC /* CollectionView_test */,
				4A10B9D21DB8EC9C00DC34BC /* Products */,
			);
			sourceTree = "<group>";
		};
		4A10B9D21DB8EC9C00DC34BC /* Products */ = {
			isa = PBXGroup;
			children = (
				4A10B9D11DB8EC9C00DC34BC /* CollectionView_test.app */,
			);
			name = Products;
			sourceTree = "<group>";
		};
		4A10B9D31DB8EC9C00DC34BC /* CollectionView_test */ = {
			isa = PBXGroup;
			children = (
				4A10B9D41DB8EC9C00DC34BC /* AppDelegate.swift */,
				4A10B9D61DB8EC9C00DC34BC /* ViewController.swift */,
				4A10B9D81DB8EC9C00DC34BC /* Main.storyboard */,
				4A10B9DB1DB8EC9C00DC34BC /* Assets.xcassets */,
				4A10B9DD1DB8EC9C00DC34BC /* LaunchScreen.storyboard */,
				4A10B9E01DB8EC9C00DC34BC /* Info.plist */,
			);
			path = CollectionView_test;
			sourceTree = "<group>";
		};
/* End PBXGroup section */

/* Begin PBXNativeTarget section */
		4A10B9D01DB8EC9C00DC34BC /* CollectionView_test */ = {
			isa = PBXNativeTarget;
			buildConfigurationList = 4A10B9E31DB8EC9C00DC34BC /* Build configuration list for PBXNativeTarget "CollectionView_test" */;
			buildPhases = (
				4A10B9CD1DB8EC9C00DC34BC /* Sources */,
				4A10B9CE1DB8EC9C00DC34BC /* Frameworks */,
				4A10B9CF1DB8EC9C00DC34BC /* Resources */,
			);
			buildRules = (
			);
			dependencies = (
			);
			name = CollectionView_test;
			productName = CollectionView_test;
			productReference = 4A10B9D11DB8EC9C00DC34BC /* CollectionView_test.app */;
			productType = "com.apple.product-type.application";
		};
/* End PBXNativeTarget section */

/* Begin PBXProject section */
		4A10B9C91DB8EC9B00DC34BC /* Project object */ = {
			isa = PBXProject;
			attributes = {
				LastSwiftUpdateCheck = 0800;
				LastUpgradeCheck = 0800;
				ORGANIZATIONNAME = "Hayashi Tsubasa";
				TargetAttributes = {
					4A10B9D01DB8EC9C00DC34BC = {
						CreatedOnToolsVersion = 8.0;
						DevelopmentTeam = BE69EUEJNJ;
						ProvisioningStyle = Automatic;
					};
				};
			};
			buildConfigurationList = 4A10B9CC1DB8EC9B00DC34BC /* Build configuration list for PBXProject "CollectionView_test" */;
			compatibilityVersion = "Xcode 3.2";
			developmentRegion = English;
			hasScannedForEncodings = 0;
			knownRegions = (
				en,
				Base,
			);
			mainGroup = 4A10B9C81DB8EC9B00DC34BC;
			productRefGroup = 4A10B9D21DB8EC9C00DC34BC /* Products */;
			projectDirPath = "";
			projectRoot = "";
			targets = (
				4A10B9D01DB8EC9C00DC34BC /* CollectionView_test */,
			);
		};
/* End PBXProject section */

/* Begin PBXResourcesBuildPhase section */
		4A10B9CF1DB8EC9C00DC34BC /* Resources */ = {
			isa = PBXResourcesBuildPhase;
			buildActionMask = 2147483647;
			files = (
				4A10B9DF1DB8EC9C00DC34BC /* LaunchScreen.storyboard in Resources */,
				4A10B9DC1DB8EC9C00DC34BC /* Assets.xcassets in Resources */,
				4A10B9DA1DB8EC9C00DC34BC /* Main.storyboard in Resources */,
			);
			runOnlyForDeploymentPostprocessing = 0;
		};
/* End PBXResourcesBuildPhase section */

/* Begin PBXSourcesBuildPhase section */
		4A10B9CD1DB8EC9C00DC34BC /* Sources */ = {
			isa = PBXSourcesBuildPhase;
			buildActionMask = 2147483647;
			files = (
				4A10B9D71DB8EC9C00DC34BC /* ViewController.swift in Sources */,
				4A10B9D51DB8EC9C00DC34BC /* AppDelegate.swift in Sources */,
			);
			runOnlyForDeploymentPostprocessing = 0;
		};
/* End PBXSourcesBuildPhase section */

/* Begin PBXVariantGroup section */
		4A10B9D81DB8EC9C00DC34BC /* Main.storyboard */ = {
			isa = PBXVariantGroup;
			children = (
				4A10B9D91DB8EC9C00DC34BC /* Base */,
			);
			name = Main.storyboard;
			sourceTree = "<group>";
		};
		4A10B9DD1DB8EC9C00DC34BC /* LaunchScreen.storyboard */ = {
			isa = PBXVariantGroup;
			children = (
				4A10B9DE1DB8EC9C00DC34BC /* Base */,
			);
			name = LaunchScreen.storyboard;
			sourceTree = "<group>";
		};
/* End PBXVariantGroup section */

/* Begin XCBuildConfiguration section */
		4A10B9E11DB8EC9C00DC34BC /* Debug */ = {
			isa = XCBuildConfiguration;
			buildSettings = {
				ALWAYS_SEARCH_USER_PATHS = NO;
				CLANG_ANALYZER_NONNULL = YES;
				CLANG_CXX_LANGUAGE_STANDARD = "gnu++0x";
				CLANG_CXX_LIBRARY = "libc++";
				CLANG_ENABLE_MODULES = YES;
				CLANG_ENABLE_OBJC_ARC = YES;
				CLANG_WARN_BOOL_CONVERSION = YES;
				CLANG_WARN_CONSTANT_CONVERSION = YES;
				CLANG_WARN_DIRECT_OBJC_ISA_USAGE = YES_ERROR;
				CLANG_WARN_DOCUMENTATION_COMMENTS = YES;
				CLANG_WARN_EMPTY_BODY = YES;
				CLANG_WARN_ENUM_CONVERSION = YES;
				CLANG_WARN_INFINITE_RECURSION = YES;
				CLANG_WARN_INT_CONVERSION = YES;
				CLANG_WARN_OBJC_ROOT_CLASS = YES_ERROR;
				CLANG_WARN_SUSPICIOUS_MOVES = YES;
				CLANG_WARN_UNREACHABLE_CODE = YES;
				CLANG_WARN__DUPLICATE_METHOD_MATCH = YES;
				"CODE_SIGN_IDENTITY[sdk=iphoneos*]" = "iPhone Developer";
				COPY_PHASE_STRIP = NO;
				DEBUG_INFORMATION_FORMAT = dwarf;
				ENABLE_STRICT_OBJC_MSGSEND = YES;
				ENABLE_TESTABILITY = YES;
				GCC_C_LANGUAGE_STANDARD = gnu99;
				GCC_DYNAMIC_NO_PIC = NO;
				GCC_NO_COMMON_BLOCKS = YES;
				GCC_OPTIMIZATION_LEVEL = 0;
				GCC_PREPROCESSOR_DEFINITIONS = (
					"DEBUG=1",
					"$(inherited)",
				);
				GCC_WARN_64_TO_32_BIT_CONVERSION = YES;
				GCC_WARN_ABOUT_RETURN_TYPE = YES_ERROR;
				GCC_WARN_UNDECLARED_SELECTOR = YES;
				GCC_WARN_UNINITIALIZED_AUTOS = YES_AGGRESSIVE;
				GCC_WARN_UNUSED_FUNCTION = YES;
				GCC_WARN_UNUSED_VARIABLE = YES;
				IPHONEOS_DEPLOYMENT_TARGET = 10.0;
				MTL_ENABLE_DEBUG_INFO = YES;
				ONLY_ACTIVE_ARCH = YES;
				SDKROOT = iphoneos;
				SWIFT_ACTIVE_COMPILATION_CONDITIONS = DEBUG;
				SWIFT_OPTIMIZATION_LEVEL = "-Onone";
				TARGETED_DEVICE_FAMILY = "1,2";
			};
			name = Debug;
		};
		4A10B9E21DB8EC9C00DC34BC /* Release */ = {
			isa = XCBuildConfiguration;
			buildSettings = {
				ALWAYS_SEARCH_USER_PATHS = NO;
				CLANG_ANALYZER_NONNULL = YES;
				CLANG_CXX_LANGUAGE_STANDARD = "gnu++0x";
				CLANG_CXX_LIBRARY = "libc++";
				CLANG_ENABLE_MODULES = YES;
				CLANG_ENABLE_OBJC_ARC = YES;
				CLANG_WARN_BOOL_CONVERSION = YES;
				CLANG_WARN_CONSTANT_CONVERSION = YES;
				CLANG_WARN_DIRECT_OBJC_ISA_USAGE = YES_ERROR;
				CLANG_WARN_DOCUMENTATION_COMMENTS = YES;
				CLANG_WARN_EMPTY_BODY = YES;
				CLANG_WARN_ENUM_CONVERSION = YES;
				CLANG_WARN_INFINITE_RECURSION = YES;
				CLANG_WARN_INT_CONVERSION = YES;
				CLANG_WARN_OBJC_ROOT_CLASS = YES_ERROR;
				CLANG_WARN_SUSPICIOUS_MOVES = YES;
				CLANG_WARN_UNREACHABLE_CODE = YES;
				CLANG_WARN__DUPLICATE_METHOD_MATCH = YES;
				"CODE_SIGN_IDENTITY[sdk=iphoneos*]" = "iPhone Developer";
				COPY_PHASE_STRIP = NO;
				DEBUG_INFORMATION_FORMAT = "dwarf-with-dsym";
				ENABLE_NS_ASSERTIONS = NO;
				ENABLE_STRICT_OBJC_MSGSEND = YES;
				GCC_C_LANGUAGE_STANDARD = gnu99;
				GCC_NO_COMMON_BLOCKS = YES;
				GCC_WARN_64_TO_32_BIT_CONVERSION = YES;
				GCC_WARN_ABOUT_RETURN_TYPE = YES_ERROR;
				GCC_WARN_UNDECLARED_SELECTOR = YES;
				GCC_WARN_UNINITIALIZED_AUTOS = YES_AGGRESSIVE;
				GCC_WARN_UNUSED_FUNCTION = YES;
				GCC_WARN_UNUSED_VARIABLE = YES;
				IPHONEOS_DEPLOYMENT_TARGET = 10.0;
				MTL_ENABLE_DEBUG_INFO = NO;
				SDKROOT = iphoneos;
				SWIFT_OPTIMIZATION_LEVEL = "-Owholemodule";
				TARGETED_DEVICE_FAMILY = "1,2";
				VALIDATE_PRODUCT = YES;
			};
			name = Release;
		};
		4A10B9E41DB8EC9C00DC34BC /* Debug */ = {
			isa = XCBuildConfiguration;
			buildSettings = {
				ASSETCATALOG_COMPILER_APPICON_NAME = AppIcon;
				DEVELOPMENT_TEAM = BE69EUEJNJ;
				INFOPLIST_FILE = CollectionView_test/Info.plist;
				LD_RUNPATH_SEARCH_PATHS = "$(inherited) @executable_path/Frameworks";
				PRODUCT_BUNDLE_IDENTIFIER = "com.tsubasahayashi.ios.CollectionView-test";
				PRODUCT_NAME = "$(TARGET_NAME)";
				SWIFT_VERSION = 3.0;
			};
			name = Debug;
		};
		4A10B9E51DB8EC9C00DC34BC /* Release */ = {
			isa = XCBuildConfiguration;
			buildSettings = {
				ASSETCATALOG_COMPILER_APPICON_NAME = AppIcon;
				DEVELOPMENT_TEAM = BE69EUEJNJ;
				INFOPLIST_FILE = CollectionView_test/Info.plist;
				LD_RUNPATH_SEARCH_PATHS = "$(inherited) @executable_path/Frameworks";
				PRODUCT_BUNDLE_IDENTIFIER = "com.tsubasahayashi.ios.CollectionView-test";
				PRODUCT_NAME = "$(TARGET_NAME)";
				SWIFT_VERSION = 3.0;
			};
			name = Release;
		};
/* End XCBuildConfiguration section */

/* Begin XCConfigurationList section */
		4A10B9CC1DB8EC9B00DC34BC /* Build configuration list for PBXProject "CollectionView_test" */ = {
			isa = XCConfigurationList;
			buildConfigurations = (
				4A10B9E11DB8EC9C00DC34BC /* Debug */,
				4A10B9E21DB8EC9C00DC34BC /* Release */,
			);
			defaultConfigurationIsVisible = 0;
			defaultConfigurationName = Release;
		};
		4A10B9E31DB8EC9C00DC34BC /* Build configuration list for PBXNativeTarget "CollectionView_test" */ = {
			isa = XCConfigurationList;
			buildConfigurations = (
				4A10B9E41DB8EC9C00DC34BC /* Debug */,
				4A10B9E51DB8EC9C00DC34BC /* Release */,
			);
			defaultConfigurationIsVisible = 0;
		};
/* End XCConfigurationList section */
	};
	rootObject = 4A10B9C91DB8EC9B00DC34BC /* Project object */;
}
